
Microsoft Visual Studio Solution File, Format Version 12.00
# Visual Studio 15
VisualStudioVersion = 15.0.26730.10
MinimumVisualStudioVersion = 10.0.40219.1
Project("{8BC9CEB8-8B4A-11D0-8D11-00A0C91BC942}") = "Application", "Source\Application\Application.vcxproj", "{AB5BC0CC-A11F-4EDC-9338-9BA351C624A8}"
	ProjectSection(ProjectDependencies) = postProject
		{EAF3C9DB-A325-40FC-BDB4-7EE2E0756B00} = {EAF3C9DB-A325-40FC-BDB4-7EE2E0756B00}
	EndProjectSection
EndProject
Project("{8BC9CEB8-8B4A-11D0-8D11-00A0C91BC942}") = "Renderer", "Source\Renderer\Renderer.vcxproj", "{EAF3C9DB-A325-40FC-BDB4-7EE2E0756B00}"
EndProject
Project("{2150E333-8FDC-42A3-9474-1A3956D46DE8}") = "Shaders", "Shaders", "{571DA824-A6F1-4944-8C39-85DC665C8A81}"
	ProjectSection(SolutionItems) = preProject
		Data\Shaders\Binormal_ps.hlsl = Data\Shaders\Binormal_ps.hlsl
		Data\Shaders\Binormal_vs.hlsl = Data\Shaders\Binormal_vs.hlsl
		Data\Shaders\Bloom_ps.hlsl = Data\Shaders\Bloom_ps.hlsl
		Data\Shaders\Bloom_vs.hlsl = Data\Shaders\Bloom_vs.hlsl
		Data\Shaders\BloomCombine_ps.hlsl = Data\Shaders\BloomCombine_ps.hlsl
		Data\Shaders\BloomCombine_vs.hlsl = Data\Shaders\BloomCombine_vs.hlsl
		Data\Shaders\Blur_ps.hlsl = Data\Shaders\Blur_ps.hlsl
		Data\Shaders\Blur_vs.hlsl = Data\Shaders\Blur_vs.hlsl
		Data\Shaders\BRDF.hlsl = Data\Shaders\BRDF.hlsl
		Data\Shaders\Debug_ps.hlsl = Data\Shaders\Debug_ps.hlsl
		Data\Shaders\Debug_vs.hlsl = Data\Shaders\Debug_vs.hlsl
		Data\Shaders\deferred_brdf_ambient_ps.hlsl = Data\Shaders\deferred_brdf_ambient_ps.hlsl
		Data\Shaders\deferred_brdf_pointLight_ps.hlsl = Data\Shaders\deferred_brdf_pointLight_ps.hlsl
		Data\Shaders\deferred_brdf_spotLight_ps.hlsl = Data\Shaders\deferred_brdf_spotLight_ps.hlsl
		Data\Shaders\deferred_brdf_vs.hlsl = Data\Shaders\deferred_brdf_vs.hlsl
		Data\Shaders\deferred_geometry_ps.hlsl = Data\Shaders\deferred_geometry_ps.hlsl
		Data\Shaders\deferred_geometry_vs.hlsl = Data\Shaders\deferred_geometry_vs.hlsl
		Data\Shaders\DepthShader_ps.hlsl = Data\Shaders\DepthShader_ps.hlsl
		Data\Shaders\DepthShader_vs.hlsl = Data\Shaders\DepthShader_vs.hlsl
		Data\Shaders\forward_brdf_ps.hlsl = Data\Shaders\forward_brdf_ps.hlsl
		Data\Shaders\forward_brdf_vs.hlsl = Data\Shaders\forward_brdf_vs.hlsl
		Data\Shaders\forward_phong_ps.hlsl = Data\Shaders\forward_phong_ps.hlsl
		Data\Shaders\Forward_Phong_vs.hlsl = Data\Shaders\Forward_Phong_vs.hlsl
		Data\Shaders\FullScreenQuad_vs.hlsl = Data\Shaders\FullScreenQuad_vs.hlsl
		Data\Shaders\LightingCommon.hlsl = Data\Shaders\LightingCommon.hlsl
		Data\Shaders\Line_gs.hlsl = Data\Shaders\Line_gs.hlsl
		Data\Shaders\Line_ps.hlsl = Data\Shaders\Line_ps.hlsl
		Data\Shaders\Line_vs.hlsl = Data\Shaders\Line_vs.hlsl
		Data\Shaders\MVPTransformationWithUVs_vs.hlsl = Data\Shaders\MVPTransformationWithUVs_vs.hlsl
		Data\Shaders\Normal_ps.hlsl = Data\Shaders\Normal_ps.hlsl
		Data\Shaders\Normal_vs.hlsl = Data\Shaders\Normal_vs.hlsl
		Data\Shaders\Panini.hlsl = Data\Shaders\Panini.hlsl
		Data\Shaders\Skybox_ps.hlsl = Data\Shaders\Skybox_ps.hlsl
		Data\Shaders\Skybox_vs.hlsl = Data\Shaders\Skybox_vs.hlsl
		Data\Shaders\Tangent_ps.hlsl = Data\Shaders\Tangent_ps.hlsl
		Data\Shaders\Tangent_vs.hlsl = Data\Shaders\Tangent_vs.hlsl
		Data\Shaders\TextureCoordinates_ps.hlsl = Data\Shaders\TextureCoordinates_ps.hlsl
		Data\Shaders\TNB_gs.hlsl = Data\Shaders\TNB_gs.hlsl
		Data\Shaders\TNB_ps.hlsl = Data\Shaders\TNB_ps.hlsl
		Data\Shaders\TNB_vs.hlsl = Data\Shaders\TNB_vs.hlsl
		Data\Shaders\Tonemapping_ps.hlsl = Data\Shaders\Tonemapping_ps.hlsl
		Data\Shaders\Tonemapping_vs.hlsl = Data\Shaders\Tonemapping_vs.hlsl
		Data\Shaders\UnlitTextureColor_ps.hlsl = Data\Shaders\UnlitTextureColor_ps.hlsl
		Data\Shaders\UnlitTextureColor_vs.hlsl = Data\Shaders\UnlitTextureColor_vs.hlsl
	EndProjectSection
EndProject
Global
	GlobalSection(SolutionConfigurationPlatforms) = preSolution
		Debug|x64 = Debug|x64
		Debug|x86 = Debug|x86
		Profile|x64 = Profile|x64
		Profile|x86 = Profile|x86
		Release|x64 = Release|x64
		Release|x86 = Release|x86
	EndGlobalSection
	GlobalSection(ProjectConfigurationPlatforms) = postSolution
		{AB5BC0CC-A11F-4EDC-9338-9BA351C624A8}.Debug|x64.ActiveCfg = Debug|x64
		{AB5BC0CC-A11F-4EDC-9338-9BA351C624A8}.Debug|x64.Build.0 = Debug|x64
		{AB5BC0CC-A11F-4EDC-9338-9BA351C624A8}.Debug|x86.ActiveCfg = Debug|Win32
		{AB5BC0CC-A11F-4EDC-9338-9BA351C624A8}.Debug|x86.Build.0 = Debug|Win32
		{AB5BC0CC-A11F-4EDC-9338-9BA351C624A8}.Profile|x64.ActiveCfg = Release|x64
		{AB5BC0CC-A11F-4EDC-9338-9BA351C624A8}.Profile|x64.Build.0 = Release|x64
		{AB5BC0CC-A11F-4EDC-9338-9BA351C624A8}.Profile|x86.ActiveCfg = Release|Win32
		{AB5BC0CC-A11F-4EDC-9338-9BA351C624A8}.Profile|x86.Build.0 = Release|Win32
		{AB5BC0CC-A11F-4EDC-9338-9BA351C624A8}.Release|x64.ActiveCfg = Release|x64
		{AB5BC0CC-A11F-4EDC-9338-9BA351C624A8}.Release|x64.Build.0 = Release|x64
		{AB5BC0CC-A11F-4EDC-9338-9BA351C624A8}.Release|x86.ActiveCfg = Release|Win32
		{AB5BC0CC-A11F-4EDC-9338-9BA351C624A8}.Release|x86.Build.0 = Release|Win32
		{EAF3C9DB-A325-40FC-BDB4-7EE2E0756B00}.Debug|x64.ActiveCfg = Debug|x64
		{EAF3C9DB-A325-40FC-BDB4-7EE2E0756B00}.Debug|x64.Build.0 = Debug|x64
		{EAF3C9DB-A325-40FC-BDB4-7EE2E0756B00}.Debug|x86.ActiveCfg = Debug|Win32
		{EAF3C9DB-A325-40FC-BDB4-7EE2E0756B00}.Debug|x86.Build.0 = Debug|Win32
		{EAF3C9DB-A325-40FC-BDB4-7EE2E0756B00}.Profile|x64.ActiveCfg = Release|x64
		{EAF3C9DB-A325-40FC-BDB4-7EE2E0756B00}.Profile|x64.Build.0 = Release|x64
		{EAF3C9DB-A325-40FC-BDB4-7EE2E0756B00}.Profile|x86.ActiveCfg = Release|Win32
		{EAF3C9DB-A325-40FC-BDB4-7EE2E0756B00}.Profile|x86.Build.0 = Release|Win32
		{EAF3C9DB-A325-40FC-BDB4-7EE2E0756B00}.Release|x64.ActiveCfg = Release|x64
		{EAF3C9DB-A325-40FC-BDB4-7EE2E0756B00}.Release|x64.Build.0 = Release|x64
		{EAF3C9DB-A325-40FC-BDB4-7EE2E0756B00}.Release|x86.ActiveCfg = Release|Win32
		{EAF3C9DB-A325-40FC-BDB4-7EE2E0756B00}.Release|x86.Build.0 = Release|Win32
	EndGlobalSection
	GlobalSection(SolutionProperties) = preSolution
		HideSolutionNode = FALSE
	EndGlobalSection
	GlobalSection(ExtensibilityGlobals) = postSolution
		SolutionGuid = {7FF49A1B-B23B-4DB1-8033-14FFE5B08CD5}
	EndGlobalSection
	GlobalSection(Performance) = preSolution
		HasPerformanceSessions = true
	EndGlobalSection
EndGlobal
