
Microsoft Visual Studio Solution File, Format Version 12.00
# Visual Studio 15
VisualStudioVersion = 15.0.26430.15
MinimumVisualStudioVersion = 10.0.40219.1
Project("{8BC9CEB8-8B4A-11D0-8D11-00A0C91BC942}") = "Application", "Source\Application\Application.vcxproj", "{AB5BC0CC-A11F-4EDC-9338-9BA351C624A8}"
	ProjectSection(ProjectDependencies) = postProject
		{EAF3C9DB-A325-40FC-BDB4-7EE2E0756B00} = {EAF3C9DB-A325-40FC-BDB4-7EE2E0756B00}
	EndProjectSection
EndProject
Project("{8BC9CEB8-8B4A-11D0-8D11-00A0C91BC942}") = "Renderer", "Source\Renderer\Renderer.vcxproj", "{EAF3C9DB-A325-40FC-BDB4-7EE2E0756B00}"
EndProject
Global
	GlobalSection(Performance) = preSolution
		HasPerformanceSessions = true
	EndGlobalSection
	GlobalSection(SolutionConfigurationPlatforms) = preSolution
		Debug|x64 = Debug|x64
		Debug|x86 = Debug|x86
		Profile|x64 = Profile|x64
		Profile|x86 = Profile|x86
		Release|x64 = Release|x64
		Release|x86 = Release|x86
	EndGlobalSection
	GlobalSection(ProjectConfigurationPlatforms) = postSolution
		{AB5BC0CC-A11F-4EDC-9338-9BA351C624A8}.Debug|x64.ActiveCfg = Debug|x64
		{AB5BC0CC-A11F-4EDC-9338-9BA351C624A8}.Debug|x64.Build.0 = Debug|x64
		{AB5BC0CC-A11F-4EDC-9338-9BA351C624A8}.Debug|x86.ActiveCfg = Debug|Win32
		{AB5BC0CC-A11F-4EDC-9338-9BA351C624A8}.Debug|x86.Build.0 = Debug|Win32
		{AB5BC0CC-A11F-4EDC-9338-9BA351C624A8}.Profile|x64.ActiveCfg = Release|x64
		{AB5BC0CC-A11F-4EDC-9338-9BA351C624A8}.Profile|x64.Build.0 = Release|x64
		{AB5BC0CC-A11F-4EDC-9338-9BA351C624A8}.Profile|x86.ActiveCfg = Release|Win32
		{AB5BC0CC-A11F-4EDC-9338-9BA351C624A8}.Profile|x86.Build.0 = Release|Win32
		{AB5BC0CC-A11F-4EDC-9338-9BA351C624A8}.Release|x64.ActiveCfg = Release|x64
		{AB5BC0CC-A11F-4EDC-9338-9BA351C624A8}.Release|x64.Build.0 = Release|x64
		{AB5BC0CC-A11F-4EDC-9338-9BA351C624A8}.Release|x86.ActiveCfg = Release|Win32
		{AB5BC0CC-A11F-4EDC-9338-9BA351C624A8}.Release|x86.Build.0 = Release|Win32
		{EAF3C9DB-A325-40FC-BDB4-7EE2E0756B00}.Debug|x64.ActiveCfg = Debug|x64
		{EAF3C9DB-A325-40FC-BDB4-7EE2E0756B00}.Debug|x64.Build.0 = Debug|x64
		{EAF3C9DB-A325-40FC-BDB4-7EE2E0756B00}.Debug|x86.ActiveCfg = Debug|Win32
		{EAF3C9DB-A325-40FC-BDB4-7EE2E0756B00}.Debug|x86.Build.0 = Debug|Win32
		{EAF3C9DB-A325-40FC-BDB4-7EE2E0756B00}.Profile|x64.ActiveCfg = Release|x64
		{EAF3C9DB-A325-40FC-BDB4-7EE2E0756B00}.Profile|x64.Build.0 = Release|x64
		{EAF3C9DB-A325-40FC-BDB4-7EE2E0756B00}.Profile|x86.ActiveCfg = Release|Win32
		{EAF3C9DB-A325-40FC-BDB4-7EE2E0756B00}.Profile|x86.Build.0 = Release|Win32
		{EAF3C9DB-A325-40FC-BDB4-7EE2E0756B00}.Release|x64.ActiveCfg = Release|x64
		{EAF3C9DB-A325-40FC-BDB4-7EE2E0756B00}.Release|x64.Build.0 = Release|x64
		{EAF3C9DB-A325-40FC-BDB4-7EE2E0756B00}.Release|x86.ActiveCfg = Release|Win32
		{EAF3C9DB-A325-40FC-BDB4-7EE2E0756B00}.Release|x86.Build.0 = Release|Win32
	EndGlobalSection
	GlobalSection(SolutionProperties) = preSolution
		HideSolutionNode = FALSE
	EndGlobalSection
EndGlobal
