
Microsoft Visual Studio Solution File, Format Version 12.00
# Visual Studio 15
VisualStudioVersion = 15.0.27004.2010
MinimumVisualStudioVersion = 10.0.40219.1
Project("{8BC9CEB8-8B4A-11D0-8D11-00A0C91BC942}") = "Application", "Source\SolutionFiles\Application.vcxproj", "{AB5BC0CC-A11F-4EDC-9338-9BA351C624A8}"
	ProjectSection(ProjectDependencies) = postProject
		{EAF3C9DB-A325-40FC-BDB4-7EE2E0756B00} = {EAF3C9DB-A325-40FC-BDB4-7EE2E0756B00}
	EndProjectSection
EndProject
Project("{8BC9CEB8-8B4A-11D0-8D11-00A0C91BC942}") = "Renderer", "Source\SolutionFiles\Renderer.vcxproj", "{EAF3C9DB-A325-40FC-BDB4-7EE2E0756B00}"
EndProject
Project("{2150E333-8FDC-42A3-9474-1A3956D46DE8}") = "Shaders", "Shaders", "{571DA824-A6F1-4944-8C39-85DC665C8A81}"
	ProjectSection(SolutionItems) = preProject
		Source\Shaders\BilateralBlur_ps.hlsl = Source\Shaders\BilateralBlur_ps.hlsl
		Source\Shaders\Binormal_ps.hlsl = Source\Shaders\Binormal_ps.hlsl
		Source\Shaders\Binormal_vs.hlsl = Source\Shaders\Binormal_vs.hlsl
		Source\Shaders\Bloom_ps.hlsl = Source\Shaders\Bloom_ps.hlsl
		Source\Shaders\BloomCombine_ps.hlsl = Source\Shaders\BloomCombine_ps.hlsl
		Source\Shaders\Blur_ps.hlsl = Source\Shaders\Blur_ps.hlsl
		Source\Shaders\BRDF.hlsl = Source\Shaders\BRDF.hlsl
		Source\Shaders\Debug_ps.hlsl = Source\Shaders\Debug_ps.hlsl
		Source\Shaders\Debug_vs.hlsl = Source\Shaders\Debug_vs.hlsl
		Source\Shaders\deferred_brdf_ambient_ps.hlsl = Source\Shaders\deferred_brdf_ambient_ps.hlsl
		Source\Shaders\deferred_brdf_ambientIBL_ps.hlsl = Source\Shaders\deferred_brdf_ambientIBL_ps.hlsl
		Source\Shaders\deferred_brdf_lighting_ps.hlsl = Source\Shaders\deferred_brdf_lighting_ps.hlsl
		Source\Shaders\deferred_brdf_pointLight_ps.hlsl = Source\Shaders\deferred_brdf_pointLight_ps.hlsl
		Source\Shaders\deferred_brdf_spotLight_ps.hlsl = Source\Shaders\deferred_brdf_spotLight_ps.hlsl
		Source\Shaders\deferred_geometry_ps.hlsl = Source\Shaders\deferred_geometry_ps.hlsl
		Source\Shaders\deferred_geometry_vs.hlsl = Source\Shaders\deferred_geometry_vs.hlsl
		Source\Shaders\deferred_phong_lighting_ps.hlsl = Source\Shaders\deferred_phong_lighting_ps.hlsl
		Source\Shaders\deferred_rendering_vs.hlsl = Source\Shaders\deferred_rendering_vs.hlsl
		Source\Shaders\DepthShader_ps.hlsl = Source\Shaders\DepthShader_ps.hlsl
		Source\Shaders\DepthShader_vs.hlsl = Source\Shaders\DepthShader_vs.hlsl
		Source\Shaders\forward_brdf_ps.hlsl = Source\Shaders\forward_brdf_ps.hlsl
		Source\Shaders\forward_brdf_vs.hlsl = Source\Shaders\forward_brdf_vs.hlsl
		Source\Shaders\forward_phong_ps.hlsl = Source\Shaders\forward_phong_ps.hlsl
		Source\Shaders\Forward_Phong_vs.hlsl = Source\Shaders\Forward_Phong_vs.hlsl
		Source\Shaders\FullScreenQuad_vs.hlsl = Source\Shaders\FullScreenQuad_vs.hlsl
		Source\Shaders\GaussianBlur4x4_ps.hlsl = Source\Shaders\GaussianBlur4x4_ps.hlsl
		Source\Shaders\IntegrateBRDF_IBL_ps.hlsl = Source\Shaders\IntegrateBRDF_IBL_ps.hlsl
		Source\Shaders\LightingCommon.hlsl = Source\Shaders\LightingCommon.hlsl
		Source\Shaders\Line_gs.hlsl = Source\Shaders\Line_gs.hlsl
		Source\Shaders\Line_ps.hlsl = Source\Shaders\Line_ps.hlsl
		Source\Shaders\Line_vs.hlsl = Source\Shaders\Line_vs.hlsl
		Source\Shaders\MVPTransformationWithUVs_vs.hlsl = Source\Shaders\MVPTransformationWithUVs_vs.hlsl
		Source\Shaders\Normal_ps.hlsl = Source\Shaders\Normal_ps.hlsl
		Source\Shaders\Normal_vs.hlsl = Source\Shaders\Normal_vs.hlsl
		Source\Shaders\Panini.hlsl = Source\Shaders\Panini.hlsl
		Source\Shaders\PreFilterConvolution_ps.hlsl = Source\Shaders\PreFilterConvolution_ps.hlsl
		Source\Shaders\RenderIntoCubemap_ps.hlsl = Source\Shaders\RenderIntoCubemap_ps.hlsl
		Source\Shaders\ShadingMath.hlsl = Source\Shaders\ShadingMath.hlsl
		Source\Shaders\Skybox_ps.hlsl = Source\Shaders\Skybox_ps.hlsl
		Source\Shaders\Skybox_vs.hlsl = Source\Shaders\Skybox_vs.hlsl
		Source\Shaders\SkyboxEquirectangular_ps.hlsl = Source\Shaders\SkyboxEquirectangular_ps.hlsl
		Source\Shaders\SSAO_ps.hlsl = Source\Shaders\SSAO_ps.hlsl
		Source\Shaders\Tangent_ps.hlsl = Source\Shaders\Tangent_ps.hlsl
		Source\Shaders\Tangent_vs.hlsl = Source\Shaders\Tangent_vs.hlsl
		Source\Shaders\Text_ps.hlsl = Source\Shaders\Text_ps.hlsl
		Source\Shaders\Text_vs.hlsl = Source\Shaders\Text_vs.hlsl
		Source\Shaders\TextureCoordinates_ps.hlsl = Source\Shaders\TextureCoordinates_ps.hlsl
		Source\Shaders\TNB_gs.hlsl = Source\Shaders\TNB_gs.hlsl
		Source\Shaders\TNB_ps.hlsl = Source\Shaders\TNB_ps.hlsl
		Source\Shaders\TNB_vs.hlsl = Source\Shaders\TNB_vs.hlsl
		Source\Shaders\Tonemapping_ps.hlsl = Source\Shaders\Tonemapping_ps.hlsl
		Source\Shaders\UnlitTextureColor_ps.hlsl = Source\Shaders\UnlitTextureColor_ps.hlsl
		Source\Shaders\UnlitTextureColor_vs.hlsl = Source\Shaders\UnlitTextureColor_vs.hlsl
		Source\Shaders\ViewSpaceNormalsAndPositions_ps.hlsl = Source\Shaders\ViewSpaceNormalsAndPositions_ps.hlsl
	EndProjectSection
EndProject
Project("{2150E333-8FDC-42A3-9474-1A3956D46DE8}") = "Settings", "Settings", "{3863EBE7-75B9-4B02-8CCC-44425CE9059A}"
	ProjectSection(SolutionItems) = preProject
		Data\EngineSettings.ini = Data\EngineSettings.ini
	EndProjectSection
EndProject
Project("{8BC9CEB8-8B4A-11D0-8D11-00A0C91BC942}") = "Utilities", "Source\SolutionFiles\Utilities.vcxproj", "{19AECA67-F607-4DCC-847B-A6196C924945}"
EndProject
Project("{2150E333-8FDC-42A3-9474-1A3956D46DE8}") = "SceneFiles", "SceneFiles", "{2C145C7D-4AE8-44FD-8933-0649D7918E13}"
	ProjectSection(SolutionItems) = preProject
		Data\Scenes\IBLTest.scn = Data\Scenes\IBLTest.scn
		Data\Scenes\Room.scn = Data\Scenes\Room.scn
		Data\Scenes\SSAOTest.scn = Data\Scenes\SSAOTest.scn
	EndProjectSection
EndProject
Project("{8BC9CEB8-8B4A-11D0-8D11-00A0C91BC942}") = "Scenes", "Source\SolutionFiles\Scenes.vcxproj", "{BA3EDE91-C0BE-4B6B-A6CB-95A1C06C43C9}"
EndProject
Project("{8BC9CEB8-8B4A-11D0-8D11-00A0C91BC942}") = "Engine", "Source\SolutionFiles\Engine.vcxproj", "{9780D393-8EF6-43C8-B821-6B6A6661831C}"
EndProject
Global
	GlobalSection(SolutionConfigurationPlatforms) = preSolution
		Debug|x64 = Debug|x64
		Debug|x86 = Debug|x86
		Profile|x64 = Profile|x64
		Profile|x86 = Profile|x86
		Release|x64 = Release|x64
		Release|x86 = Release|x86
	EndGlobalSection
	GlobalSection(ProjectConfigurationPlatforms) = postSolution
		{AB5BC0CC-A11F-4EDC-9338-9BA351C624A8}.Debug|x64.ActiveCfg = Debug|x64
		{AB5BC0CC-A11F-4EDC-9338-9BA351C624A8}.Debug|x64.Build.0 = Debug|x64
		{AB5BC0CC-A11F-4EDC-9338-9BA351C624A8}.Debug|x86.ActiveCfg = Debug|Win32
		{AB5BC0CC-A11F-4EDC-9338-9BA351C624A8}.Debug|x86.Build.0 = Debug|Win32
		{AB5BC0CC-A11F-4EDC-9338-9BA351C624A8}.Profile|x64.ActiveCfg = Release|x64
		{AB5BC0CC-A11F-4EDC-9338-9BA351C624A8}.Profile|x64.Build.0 = Release|x64
		{AB5BC0CC-A11F-4EDC-9338-9BA351C624A8}.Profile|x86.ActiveCfg = Release|Win32
		{AB5BC0CC-A11F-4EDC-9338-9BA351C624A8}.Profile|x86.Build.0 = Release|Win32
		{AB5BC0CC-A11F-4EDC-9338-9BA351C624A8}.Release|x64.ActiveCfg = Release|x64
		{AB5BC0CC-A11F-4EDC-9338-9BA351C624A8}.Release|x64.Build.0 = Release|x64
		{AB5BC0CC-A11F-4EDC-9338-9BA351C624A8}.Release|x86.ActiveCfg = Release|Win32
		{AB5BC0CC-A11F-4EDC-9338-9BA351C624A8}.Release|x86.Build.0 = Release|Win32
		{EAF3C9DB-A325-40FC-BDB4-7EE2E0756B00}.Debug|x64.ActiveCfg = Debug|x64
		{EAF3C9DB-A325-40FC-BDB4-7EE2E0756B00}.Debug|x64.Build.0 = Debug|x64
		{EAF3C9DB-A325-40FC-BDB4-7EE2E0756B00}.Debug|x86.ActiveCfg = Debug|Win32
		{EAF3C9DB-A325-40FC-BDB4-7EE2E0756B00}.Debug|x86.Build.0 = Debug|Win32
		{EAF3C9DB-A325-40FC-BDB4-7EE2E0756B00}.Profile|x64.ActiveCfg = Release|x64
		{EAF3C9DB-A325-40FC-BDB4-7EE2E0756B00}.Profile|x64.Build.0 = Release|x64
		{EAF3C9DB-A325-40FC-BDB4-7EE2E0756B00}.Profile|x86.ActiveCfg = Release|Win32
		{EAF3C9DB-A325-40FC-BDB4-7EE2E0756B00}.Profile|x86.Build.0 = Release|Win32
		{EAF3C9DB-A325-40FC-BDB4-7EE2E0756B00}.Release|x64.ActiveCfg = Release|x64
		{EAF3C9DB-A325-40FC-BDB4-7EE2E0756B00}.Release|x64.Build.0 = Release|x64
		{EAF3C9DB-A325-40FC-BDB4-7EE2E0756B00}.Release|x86.ActiveCfg = Release|Win32
		{EAF3C9DB-A325-40FC-BDB4-7EE2E0756B00}.Release|x86.Build.0 = Release|Win32
		{19AECA67-F607-4DCC-847B-A6196C924945}.Debug|x64.ActiveCfg = Debug|x64
		{19AECA67-F607-4DCC-847B-A6196C924945}.Debug|x64.Build.0 = Debug|x64
		{19AECA67-F607-4DCC-847B-A6196C924945}.Debug|x86.ActiveCfg = Debug|Win32
		{19AECA67-F607-4DCC-847B-A6196C924945}.Debug|x86.Build.0 = Debug|Win32
		{19AECA67-F607-4DCC-847B-A6196C924945}.Profile|x64.ActiveCfg = Release|x64
		{19AECA67-F607-4DCC-847B-A6196C924945}.Profile|x64.Build.0 = Release|x64
		{19AECA67-F607-4DCC-847B-A6196C924945}.Profile|x86.ActiveCfg = Release|Win32
		{19AECA67-F607-4DCC-847B-A6196C924945}.Profile|x86.Build.0 = Release|Win32
		{19AECA67-F607-4DCC-847B-A6196C924945}.Release|x64.ActiveCfg = Release|x64
		{19AECA67-F607-4DCC-847B-A6196C924945}.Release|x64.Build.0 = Release|x64
		{19AECA67-F607-4DCC-847B-A6196C924945}.Release|x86.ActiveCfg = Release|Win32
		{19AECA67-F607-4DCC-847B-A6196C924945}.Release|x86.Build.0 = Release|Win32
		{BA3EDE91-C0BE-4B6B-A6CB-95A1C06C43C9}.Debug|x64.ActiveCfg = Debug|x64
		{BA3EDE91-C0BE-4B6B-A6CB-95A1C06C43C9}.Debug|x64.Build.0 = Debug|x64
		{BA3EDE91-C0BE-4B6B-A6CB-95A1C06C43C9}.Debug|x86.ActiveCfg = Debug|Win32
		{BA3EDE91-C0BE-4B6B-A6CB-95A1C06C43C9}.Debug|x86.Build.0 = Debug|Win32
		{BA3EDE91-C0BE-4B6B-A6CB-95A1C06C43C9}.Profile|x64.ActiveCfg = Release|x64
		{BA3EDE91-C0BE-4B6B-A6CB-95A1C06C43C9}.Profile|x64.Build.0 = Release|x64
		{BA3EDE91-C0BE-4B6B-A6CB-95A1C06C43C9}.Profile|x86.ActiveCfg = Release|Win32
		{BA3EDE91-C0BE-4B6B-A6CB-95A1C06C43C9}.Profile|x86.Build.0 = Release|Win32
		{BA3EDE91-C0BE-4B6B-A6CB-95A1C06C43C9}.Release|x64.ActiveCfg = Release|x64
		{BA3EDE91-C0BE-4B6B-A6CB-95A1C06C43C9}.Release|x64.Build.0 = Release|x64
		{BA3EDE91-C0BE-4B6B-A6CB-95A1C06C43C9}.Release|x86.ActiveCfg = Release|Win32
		{BA3EDE91-C0BE-4B6B-A6CB-95A1C06C43C9}.Release|x86.Build.0 = Release|Win32
		{9780D393-8EF6-43C8-B821-6B6A6661831C}.Debug|x64.ActiveCfg = Debug|x64
		{9780D393-8EF6-43C8-B821-6B6A6661831C}.Debug|x64.Build.0 = Debug|x64
		{9780D393-8EF6-43C8-B821-6B6A6661831C}.Debug|x86.ActiveCfg = Debug|Win32
		{9780D393-8EF6-43C8-B821-6B6A6661831C}.Debug|x86.Build.0 = Debug|Win32
		{9780D393-8EF6-43C8-B821-6B6A6661831C}.Profile|x64.ActiveCfg = Release|x64
		{9780D393-8EF6-43C8-B821-6B6A6661831C}.Profile|x64.Build.0 = Release|x64
		{9780D393-8EF6-43C8-B821-6B6A6661831C}.Profile|x86.ActiveCfg = Release|Win32
		{9780D393-8EF6-43C8-B821-6B6A6661831C}.Profile|x86.Build.0 = Release|Win32
		{9780D393-8EF6-43C8-B821-6B6A6661831C}.Release|x64.ActiveCfg = Release|x64
		{9780D393-8EF6-43C8-B821-6B6A6661831C}.Release|x64.Build.0 = Release|x64
		{9780D393-8EF6-43C8-B821-6B6A6661831C}.Release|x86.ActiveCfg = Release|Win32
		{9780D393-8EF6-43C8-B821-6B6A6661831C}.Release|x86.Build.0 = Release|Win32
	EndGlobalSection
	GlobalSection(SolutionProperties) = preSolution
		HideSolutionNode = FALSE
	EndGlobalSection
	GlobalSection(ExtensibilityGlobals) = postSolution
		SolutionGuid = {7FF49A1B-B23B-4DB1-8033-14FFE5B08CD5}
	EndGlobalSection
	GlobalSection(Performance) = preSolution
		HasPerformanceSessions = true
	EndGlobalSection
EndGlobal
