<?xml version="1.0" encoding="utf-8"?>
<Project ToolsVersion="4.0" xmlns="http://schemas.microsoft.com/developer/msbuild/2003">
  <ItemGroup>
    <ClCompile Include="$(SolutionDir)Source\Application\Source\Input.cpp" />
    <ClCompile Include="$(SolutionDir)Source\Application\Source\BaseSystem.cpp" />
    <ClCompile Include="$(SolutionDir)Source\Application\Source\WorkerPool.cpp" />
  </ItemGroup>
  <ItemGroup>
    <ClInclude Include="$(SolutionDir)Source\Application\BaseSystem.h" />
    <ClInclude Include="$(SolutionDir)Source\Application\Input.h" />
    <ClInclude Include="$(SolutionDir)Source\Application\resource.h" />
    <ClInclude Include="$(SolutionDir)Source\Application\SystemDefs.h" />
    <ClInclude Include="$(SolutionDir)Source\Application\WorkerPool.h" />
    <ClInclude Include="$(SolutionDir)Source\Application\HandleTypedefs.h" />
  </ItemGroup>
</Project>