<?xml version="1.0" encoding="utf-8"?>
<Project ToolsVersion="4.0" xmlns="http://schemas.microsoft.com/developer/msbuild/2003">
  <ItemGroup>
    <ClCompile Include="$(SolutionDir)Source\Application\Source\Input.cpp" />
    <ClCompile Include="..\Application\Source\ThreadPool.cpp" />
    <ClCompile Include="..\Application\Source\Application.cpp" />
    <ClCompile Include="..\Application\Source\VQUI.cpp" />
  </ItemGroup>
  <ItemGroup>
    <ClInclude Include="$(SolutionDir)Source\Application\Input.h" />
    <ClInclude Include="$(SolutionDir)Source\Application\SystemDefs.h" />
    <ClInclude Include="$(SolutionDir)Source\Application\HandleTypedefs.h" />
    <ClInclude Include="..\Application\ThreadPool.h" />
    <ClInclude Include="..\Application\Application.h" />
    <ClInclude Include="..\Application\VQUI.h" />
  </ItemGroup>
</Project>