<?xml version="1.0" encoding="utf-8"?>
<Project ToolsVersion="4.0" xmlns="http://schemas.microsoft.com/developer/msbuild/2003">
  <ItemGroup>
    <Filter Include="Source Files">
      <UniqueIdentifier>{4FC737F1-C7A5-4376-A066-2A32D752A2FF}</UniqueIdentifier>
      <Extensions>cpp;c;cc;cxx;def;odl;idl;hpj;bat;asm;asmx</Extensions>
    </Filter>
    <Filter Include="Header Files">
      <UniqueIdentifier>{93995380-89BD-4b04-88EB-625FBE52EBFB}</UniqueIdentifier>
      <Extensions>h;hh;hpp;hxx;hm;inl;inc;xsd</Extensions>
    </Filter>
    <Filter Include="Resource Files">
      <UniqueIdentifier>{67DA6AB6-F800-4c08-8B7A-83BB121AAD01}</UniqueIdentifier>
      <Extensions>rc;ico;cur;bmp;dlg;rc2;rct;bin;rgs;gif;jpg;jpeg;jpe;resx;tiff;tif;png;wav;mfcribbon-ms</Extensions>
    </Filter>
  </ItemGroup>
  <ItemGroup>
    <ClInclude Include="Source\Utilities\Color.h">
      <Filter>Header Files</Filter>
    </ClInclude>
    <ClInclude Include="Source\Utilities\Log.h">
      <Filter>Header Files</Filter>
    </ClInclude>
    <ClInclude Include="Source\Utilities\PerfTimer.h">
      <Filter>Header Files</Filter>
    </ClInclude>
    <ClInclude Include="Source\Utilities\Quaternion.h">
      <Filter>Header Files</Filter>
    </ClInclude>
    <ClInclude Include="Source\Utilities\CustomParser.h">
      <Filter>Header Files</Filter>
    </ClInclude>
    <ClInclude Include="Source\Utilities\utils.h">
      <Filter>Header Files</Filter>
    </ClInclude>
  </ItemGroup>
  <ItemGroup>
    <ClCompile Include="Source\Utilities\Source\Color.cpp">
      <Filter>Source Files</Filter>
    </ClCompile>
    <ClCompile Include="Source\Utilities\Source\Log.cpp">
      <Filter>Source Files</Filter>
    </ClCompile>
    <ClCompile Include="Source\Utilities\Source\PerfTimer.cpp">
      <Filter>Source Files</Filter>
    </ClCompile>
    <ClCompile Include="Source\Utilities\Source\Quaternion.cpp">
      <Filter>Source Files</Filter>
    </ClCompile>
    <ClCompile Include="Source\Utilities\Source\CustomParser.cpp">
      <Filter>Source Files</Filter>
    </ClCompile>
    <ClCompile Include="Source\Utilities\Source\utils.cpp">
      <Filter>Source Files</Filter>
    </ClCompile>
  </ItemGroup>
</Project>